
Microsoft Visual Studio Solution File, Format Version 12.00
# Visual Studio Version 16
VisualStudioVersion = 16.0.810.11
MinimumVisualStudioVersion = 10.0.40219.1
Project("{FAE04EC0-301F-11D3-BF4B-00C04F79EFBC}") = "MadLibs", "MadLibs\MadLibs.csproj", "{42B8961D-32E6-4F17-A0D1-665BD8427A8B}"
EndProject
Global
	GlobalSection(SolutionConfigurationPlatforms) = preSolution
		Debug|anycpu = Debug|anycpu
		Release|anycpu = Release|anycpu
	EndGlobalSection
	GlobalSection(ProjectConfigurationPlatforms) = postSolution
		{42B8961D-32E6-4F17-A0D1-665BD8427A8B}.Debug|anycpu.ActiveCfg = Debug|anycpu
		{42B8961D-32E6-4F17-A0D1-665BD8427A8B}.Debug|anycpu.Build.0 = Debug|anycpu
		{42B8961D-32E6-4F17-A0D1-665BD8427A8B}.Release|anycpu.ActiveCfg = Release|anycpu
		{42B8961D-32E6-4F17-A0D1-665BD8427A8B}.Release|anycpu.Build.0 = Release|anycpu
	EndGlobalSection
	GlobalSection(SolutionProperties) = preSolution
		HideSolutionNode = FALSE
	EndGlobalSection
	GlobalSection(ExtensibilityGlobals) = postSolution
		SolutionGuid = {AE7CCAB3-FFEB-4BF8-A6B9-9F24AB37CA4D}
	EndGlobalSection
EndGlobal
