
Microsoft Visual Studio Solution File, Format Version 12.00
# Visual Studio Version 16
VisualStudioVersion = 16.0.810.11
MinimumVisualStudioVersion = 10.0.40219.1
Project("{FAE04EC0-301F-11D3-BF4B-00C04F79EFBC}") = "CensorLyrics", "CensorLyrics.csproj", "{EB9C8CC7-3BB0-4B44-9F34-FCB0F6506875}"
EndProject
Global
	GlobalSection(SolutionConfigurationPlatforms) = preSolution
		Debug|Any CPU = Debug|Any CPU
		Release|Any CPU = Release|Any CPU
	EndGlobalSection
	GlobalSection(ProjectConfigurationPlatforms) = postSolution
		{EB9C8CC7-3BB0-4B44-9F34-FCB0F6506875}.Debug|Any CPU.ActiveCfg = Debug|Any CPU
		{EB9C8CC7-3BB0-4B44-9F34-FCB0F6506875}.Debug|Any CPU.Build.0 = Debug|Any CPU
		{EB9C8CC7-3BB0-4B44-9F34-FCB0F6506875}.Release|Any CPU.ActiveCfg = Release|Any CPU
		{EB9C8CC7-3BB0-4B44-9F34-FCB0F6506875}.Release|Any CPU.Build.0 = Release|Any CPU
	EndGlobalSection
	GlobalSection(SolutionProperties) = preSolution
		HideSolutionNode = FALSE
	EndGlobalSection
	GlobalSection(ExtensibilityGlobals) = postSolution
		SolutionGuid = {D6EBF9B7-6E90-42B4-9C1D-63CDEA129970}
	EndGlobalSection
EndGlobal
