
Microsoft Visual Studio Solution File, Format Version 12.00
# Visual Studio Version 16
VisualStudioVersion = 16.0.810.14
MinimumVisualStudioVersion = 10.0.40219.1
Project("{FAE04EC0-301F-11D3-BF4B-00C04F79EFBC}") = "Zoogle", "Zoogle\Zoogle.csproj", "{7311BA8D-82F3-4D66-B07F-7A2283A2F0D7}"
EndProject
Global
	GlobalSection(SolutionConfigurationPlatforms) = preSolution
		Debug|Any CPU = Debug|Any CPU
		Release|Any CPU = Release|Any CPU
	EndGlobalSection
	GlobalSection(ProjectConfigurationPlatforms) = postSolution
		{7311BA8D-82F3-4D66-B07F-7A2283A2F0D7}.Debug|Any CPU.ActiveCfg = Debug|Any CPU
		{7311BA8D-82F3-4D66-B07F-7A2283A2F0D7}.Debug|Any CPU.Build.0 = Debug|Any CPU
		{7311BA8D-82F3-4D66-B07F-7A2283A2F0D7}.Release|Any CPU.ActiveCfg = Release|Any CPU
		{7311BA8D-82F3-4D66-B07F-7A2283A2F0D7}.Release|Any CPU.Build.0 = Release|Any CPU
	EndGlobalSection
	GlobalSection(SolutionProperties) = preSolution
		HideSolutionNode = FALSE
	EndGlobalSection
	GlobalSection(ExtensibilityGlobals) = postSolution
		SolutionGuid = {26109D5A-D456-420A-B925-6A349D34C6A8}
	EndGlobalSection
EndGlobal
