
Microsoft Visual Studio Solution File, Format Version 12.00
# Visual Studio Version 16
VisualStudioVersion = 16.0.810.11
MinimumVisualStudioVersion = 10.0.40219.1
Project("{FAE04EC0-301F-11D3-BF4B-00C04F79EFBC}") = "MoneyMaker", "MoneyMaker\MoneyMaker.csproj", "{BF5ADC5A-2921-44B5-93FA-D628E9AAC41C}"
EndProject
Global
	GlobalSection(SolutionConfigurationPlatforms) = preSolution
		Debug|anycpu = Debug|anycpu
		Release|anycpu = Release|anycpu
	EndGlobalSection
	GlobalSection(ProjectConfigurationPlatforms) = postSolution
		{BF5ADC5A-2921-44B5-93FA-D628E9AAC41C}.Debug|anycpu.ActiveCfg = Debug|anycpu
		{BF5ADC5A-2921-44B5-93FA-D628E9AAC41C}.Debug|anycpu.Build.0 = Debug|anycpu
		{BF5ADC5A-2921-44B5-93FA-D628E9AAC41C}.Release|anycpu.ActiveCfg = Release|anycpu
		{BF5ADC5A-2921-44B5-93FA-D628E9AAC41C}.Release|anycpu.Build.0 = Release|anycpu
	EndGlobalSection
	GlobalSection(SolutionProperties) = preSolution
		HideSolutionNode = FALSE
	EndGlobalSection
	GlobalSection(ExtensibilityGlobals) = postSolution
		SolutionGuid = {2EF73EC8-7BA3-428D-BCA2-6A1FF4A3BD69}
	EndGlobalSection
EndGlobal
