
Microsoft Visual Studio Solution File, Format Version 12.00
# Visual Studio Version 16
VisualStudioVersion = 16.0.810.13
MinimumVisualStudioVersion = 10.0.40219.1
Project("{FAE04EC0-301F-11D3-BF4B-00C04F79EFBC}") = "AppInterfaces", "AppInterfaces.csproj", "{9315F338-AF7F-453F-8991-5EBC32F8DE71}"
EndProject
Global
	GlobalSection(SolutionConfigurationPlatforms) = preSolution
		Debug|Any CPU = Debug|Any CPU
		Release|Any CPU = Release|Any CPU
	EndGlobalSection
	GlobalSection(ProjectConfigurationPlatforms) = postSolution
		{9315F338-AF7F-453F-8991-5EBC32F8DE71}.Debug|Any CPU.ActiveCfg = Debug|Any CPU
		{9315F338-AF7F-453F-8991-5EBC32F8DE71}.Debug|Any CPU.Build.0 = Debug|Any CPU
		{9315F338-AF7F-453F-8991-5EBC32F8DE71}.Release|Any CPU.ActiveCfg = Release|Any CPU
		{9315F338-AF7F-453F-8991-5EBC32F8DE71}.Release|Any CPU.Build.0 = Release|Any CPU
	EndGlobalSection
	GlobalSection(SolutionProperties) = preSolution
		HideSolutionNode = FALSE
	EndGlobalSection
	GlobalSection(ExtensibilityGlobals) = postSolution
		SolutionGuid = {B91311FA-346B-47D0-BD74-3F07CEF9E08D}
	EndGlobalSection
EndGlobal
