
Microsoft Visual Studio Solution File, Format Version 12.00
# Visual Studio Version 16
VisualStudioVersion = 16.0.810.14
MinimumVisualStudioVersion = 10.0.40219.1
Project("{FAE04EC0-301F-11D3-BF4B-00C04F79EFBC}") = "ActivityTracker", "ActivityTracker\ActivityTracker.csproj", "{1E2A1121-7BAD-4665-A01A-A4C267D4B8EE}"
EndProject
Global
	GlobalSection(SolutionConfigurationPlatforms) = preSolution
		Debug|Any CPU = Debug|Any CPU
		Release|Any CPU = Release|Any CPU
	EndGlobalSection
	GlobalSection(ProjectConfigurationPlatforms) = postSolution
		{1E2A1121-7BAD-4665-A01A-A4C267D4B8EE}.Debug|Any CPU.ActiveCfg = Debug|Any CPU
		{1E2A1121-7BAD-4665-A01A-A4C267D4B8EE}.Debug|Any CPU.Build.0 = Debug|Any CPU
		{1E2A1121-7BAD-4665-A01A-A4C267D4B8EE}.Release|Any CPU.ActiveCfg = Release|Any CPU
		{1E2A1121-7BAD-4665-A01A-A4C267D4B8EE}.Release|Any CPU.Build.0 = Release|Any CPU
	EndGlobalSection
	GlobalSection(SolutionProperties) = preSolution
		HideSolutionNode = FALSE
	EndGlobalSection
	GlobalSection(ExtensibilityGlobals) = postSolution
		SolutionGuid = {3FC81E74-2443-46F6-95C3-7FE0299154E7}
	EndGlobalSection
EndGlobal
